
Microsoft Visual Studio Solution File, Format Version 12.00
# Visual Studio Version 17
VisualStudioVersion = 17.3.32901.215
MinimumVisualStudioVersion = 10.0.40219.1
Project("{FAE04EC0-301F-11D3-BF4B-00C04F79EFBC}") = "random örnegi 2 1359", "random örnegi 2 1359\random örnegi 2 1359.csproj", "{03B90D89-ABA0-41E1-AF95-11B27BAC295D}"
EndProject
Global
	GlobalSection(SolutionConfigurationPlatforms) = preSolution
		Debug|Any CPU = Debug|Any CPU
		Release|Any CPU = Release|Any CPU
	EndGlobalSection
	GlobalSection(ProjectConfigurationPlatforms) = postSolution
		{03B90D89-ABA0-41E1-AF95-11B27BAC295D}.Debug|Any CPU.ActiveCfg = Debug|Any CPU
		{03B90D89-ABA0-41E1-AF95-11B27BAC295D}.Debug|Any CPU.Build.0 = Debug|Any CPU
		{03B90D89-ABA0-41E1-AF95-11B27BAC295D}.Release|Any CPU.ActiveCfg = Release|Any CPU
		{03B90D89-ABA0-41E1-AF95-11B27BAC295D}.Release|Any CPU.Build.0 = Release|Any CPU
	EndGlobalSection
	GlobalSection(SolutionProperties) = preSolution
		HideSolutionNode = FALSE
	EndGlobalSection
	GlobalSection(ExtensibilityGlobals) = postSolution
		SolutionGuid = {B69C0F40-93E7-423B-8FFC-745093C5E9FF}
	EndGlobalSection
EndGlobal
